{
  "name": "groceryworks",
  "version": "0.1.0",
  "lockfileVersion": 1,
  "requires": true,
  "dependencies": {
    "dialog-polyfill": {
      "version": "github:googlechrome/dialog-polyfill#26222dd32a9fa0495cf58fd29500f6ecdebd332c",
      "from": "github:googlechrome/dialog-polyfill"
    }
  }
}
