{
  "name": "groceryworks",
  "version": "0.2.5",
  "lockfileVersion": 1,
  "requires": true,
  "dependencies": {
    "dialog-polyfill": {
      "version": "github:googlechrome/dialog-polyfill#8214290d1ebb1544cc8e11568d7c085ced0eff31",
      "from": "github:googlechrome/dialog-polyfill"
    }
  }
}
